
Microsoft Visual Studio Solution File, Format Version 12.00
# Visual Studio Version 16
VisualStudioVersion = 16.0.31624.102
MinimumVisualStudioVersion = 10.0.40219.1
Project("{FAE04EC0-301F-11D3-BF4B-00C04F79EFBC}") = "For_New25", "For_New25\For_New25.csproj", "{C707935F-E09C-46E7-8A54-7B5771A350B1}"
EndProject
Global
	GlobalSection(SolutionConfigurationPlatforms) = preSolution
		Debug|Any CPU = Debug|Any CPU
		Release|Any CPU = Release|Any CPU
	EndGlobalSection
	GlobalSection(ProjectConfigurationPlatforms) = postSolution
		{C707935F-E09C-46E7-8A54-7B5771A350B1}.Debug|Any CPU.ActiveCfg = Debug|Any CPU
		{C707935F-E09C-46E7-8A54-7B5771A350B1}.Debug|Any CPU.Build.0 = Debug|Any CPU
		{C707935F-E09C-46E7-8A54-7B5771A350B1}.Release|Any CPU.ActiveCfg = Release|Any CPU
		{C707935F-E09C-46E7-8A54-7B5771A350B1}.Release|Any CPU.Build.0 = Release|Any CPU
	EndGlobalSection
	GlobalSection(SolutionProperties) = preSolution
		HideSolutionNode = FALSE
	EndGlobalSection
	GlobalSection(ExtensibilityGlobals) = postSolution
		SolutionGuid = {4305D90D-08EE-4C52-8570-0A6E11A207D1}
	EndGlobalSection
EndGlobal
